{
  "nodes": {
    "nixpkgs": {
      "locked": {
        "lastModified": 1742268799,
        "narHash": "sha256-IhnK4LhkBlf14/F8THvUy3xi/TxSQkp9hikfDZRD4Ic=",
        "owner": "nixos",
        "repo": "nixpkgs",
        "rev": "da044451c6a70518db5b730fe277b70f494188f1",
        "type": "github"
      },
      "original": {
        "owner": "nixos",
        "ref": "nixos-24.11",
        "repo": "nixpkgs",
        "type": "github"
      }
    },
    "root": {
      "inputs": {
        "nixpkgs": "nixpkgs",
        "zsa": "zsa"
      }
    },
    "zsa": {
      "flake": false,
      "locked": {
        "lastModified": 1739263649,
        "narHash": "sha256-jAHIf/C7c5mZ3b0RdNooiWN43Nc4xwrGQ0TSf6QIB7A=",
        "owner": "zsa",
        "repo": "qmk_firmware",
        "rev": "12c7a1f4b16633182592f5f181ff91609aacca69",
        "type": "github"
      },
      "original": {
        "owner": "zsa",
        "ref": "firmware24",
        "repo": "qmk_firmware",
        "type": "github"
      }
    }
  },
  "root": "root",
  "version": 7
}
